
Microsoft Visual Studio Solution File, Format Version 12.00
# Visual Studio Version 16
VisualStudioVersion = 16.0.31112.23
MinimumVisualStudioVersion = 10.0.40219.1
Project("{FAE04EC0-301F-11D3-BF4B-00C04F79EFBC}") = "Ex04.Menus.Interfaces", "..\Ex04.Menus.Interfaces\Ex04.Menus.Interfaces.csproj", "{AB2069C1-7EFD-4C7D-A5B6-F60E3E45CF99}"
EndProject
Project("{FAE04EC0-301F-11D3-BF4B-00C04F79EFBC}") = "Ex04.Menus.Delegates", "..\Ex04.Menus.Delegates\Ex04.Menus.Delegates.csproj", "{D2AAB0B9-0B3D-41E3-8F14-2DCA6960AF23}"
EndProject
Project("{FAE04EC0-301F-11D3-BF4B-00C04F79EFBC}") = "Ex04.Menus.Test", "Ex04.Menus.Test\Ex04.Menus.Test.csproj", "{8943EC57-079C-4050-958F-5FD9F53C55B2}"
EndProject
Global
	GlobalSection(SolutionConfigurationPlatforms) = preSolution
		Debug|Any CPU = Debug|Any CPU
		Release|Any CPU = Release|Any CPU
	EndGlobalSection
	GlobalSection(ProjectConfigurationPlatforms) = postSolution
		{AB2069C1-7EFD-4C7D-A5B6-F60E3E45CF99}.Debug|Any CPU.ActiveCfg = Debug|Any CPU
		{AB2069C1-7EFD-4C7D-A5B6-F60E3E45CF99}.Debug|Any CPU.Build.0 = Debug|Any CPU
		{AB2069C1-7EFD-4C7D-A5B6-F60E3E45CF99}.Release|Any CPU.ActiveCfg = Release|Any CPU
		{AB2069C1-7EFD-4C7D-A5B6-F60E3E45CF99}.Release|Any CPU.Build.0 = Release|Any CPU
		{D2AAB0B9-0B3D-41E3-8F14-2DCA6960AF23}.Debug|Any CPU.ActiveCfg = Debug|Any CPU
		{D2AAB0B9-0B3D-41E3-8F14-2DCA6960AF23}.Debug|Any CPU.Build.0 = Debug|Any CPU
		{D2AAB0B9-0B3D-41E3-8F14-2DCA6960AF23}.Release|Any CPU.ActiveCfg = Release|Any CPU
		{D2AAB0B9-0B3D-41E3-8F14-2DCA6960AF23}.Release|Any CPU.Build.0 = Release|Any CPU
		{8943EC57-079C-4050-958F-5FD9F53C55B2}.Debug|Any CPU.ActiveCfg = Debug|Any CPU
		{8943EC57-079C-4050-958F-5FD9F53C55B2}.Debug|Any CPU.Build.0 = Debug|Any CPU
		{8943EC57-079C-4050-958F-5FD9F53C55B2}.Release|Any CPU.ActiveCfg = Release|Any CPU
		{8943EC57-079C-4050-958F-5FD9F53C55B2}.Release|Any CPU.Build.0 = Release|Any CPU
	EndGlobalSection
	GlobalSection(SolutionProperties) = preSolution
		HideSolutionNode = FALSE
	EndGlobalSection
	GlobalSection(ExtensibilityGlobals) = postSolution
		SolutionGuid = {F90C79E2-C073-4C65-8262-E184E348248C}
	EndGlobalSection
EndGlobal
